
Microsoft Visual Studio Solution File, Format Version 12.00
# Visual Studio Version 16
VisualStudioVersion = 16.0.30907.101
MinimumVisualStudioVersion = 10.0.40219.1
Project("{8BC9CEB8-8B4A-11D0-8D11-00A0C91BC942}") = "Day04", "Day04\Day04.vcxproj", "{6A46A7FB-44D6-4A95-BE35-EAAE98976A0A}"
EndProject
Global
	GlobalSection(SolutionConfigurationPlatforms) = preSolution
		Debug|x64 = Debug|x64
		Debug|x86 = Debug|x86
		Release|x64 = Release|x64
		Release|x86 = Release|x86
	EndGlobalSection
	GlobalSection(ProjectConfigurationPlatforms) = postSolution
		{6A46A7FB-44D6-4A95-BE35-EAAE98976A0A}.Debug|x64.ActiveCfg = Debug|x64
		{6A46A7FB-44D6-4A95-BE35-EAAE98976A0A}.Debug|x64.Build.0 = Debug|x64
		{6A46A7FB-44D6-4A95-BE35-EAAE98976A0A}.Debug|x86.ActiveCfg = Debug|Win32
		{6A46A7FB-44D6-4A95-BE35-EAAE98976A0A}.Debug|x86.Build.0 = Debug|Win32
		{6A46A7FB-44D6-4A95-BE35-EAAE98976A0A}.Release|x64.ActiveCfg = Release|x64
		{6A46A7FB-44D6-4A95-BE35-EAAE98976A0A}.Release|x64.Build.0 = Release|x64
		{6A46A7FB-44D6-4A95-BE35-EAAE98976A0A}.Release|x86.ActiveCfg = Release|Win32
		{6A46A7FB-44D6-4A95-BE35-EAAE98976A0A}.Release|x86.Build.0 = Release|Win32
	EndGlobalSection
	GlobalSection(SolutionProperties) = preSolution
		HideSolutionNode = FALSE
	EndGlobalSection
	GlobalSection(ExtensibilityGlobals) = postSolution
		SolutionGuid = {2123300E-4A24-4097-9A6B-AB80AC2AED0B}
	EndGlobalSection
EndGlobal
